<?xml version="1.0" encoding="utf-8"?>
<Project ToolsVersion="4.0" xmlns="http://schemas.microsoft.com/developer/msbuild/2003">
  <ItemGroup>
    <Filter Include="Source Files">
      <UniqueIdentifier>{8b79b8f5-c47b-4083-a212-dd42c3fce53b}</UniqueIdentifier>
      <Extensions>cpp;c;cxx;rc;def;r;odl;idl;hpj;bat</Extensions>
    </Filter>
    <Filter Include="Source Files\Audio">
      <UniqueIdentifier>{5d3a4974-cdb7-4df2-8912-3026aff56d8e}</UniqueIdentifier>
    </Filter>
    <Filter Include="Source Files\Display">
      <UniqueIdentifier>{ab8465d2-a385-43da-80d9-3dd3899d2545}</UniqueIdentifier>
    </Filter>
    <Filter Include="Header Files">
      <UniqueIdentifier>{cd15e469-913f-4589-bcba-3ff507c0c8ff}</UniqueIdentifier>
      <Extensions>h;hpp;hxx;hm;inl</Extensions>
    </Filter>
    <Filter Include="Header Files\Audio">
      <UniqueIdentifier>{46976238-6807-4181-a52c-e00daeb5b50e}</UniqueIdentifier>
    </Filter>
    <Filter Include="Header Files\Display">
      <UniqueIdentifier>{5a3ca210-8bcc-4dff-a537-3b4aad46c466}</UniqueIdentifier>
    </Filter>
    <Filter Include="Resource Files">
      <UniqueIdentifier>{a65194c4-99f3-4a0e-be83-1d4ea859f857}</UniqueIdentifier>
      <Extensions>ico;cur;bmp;dlg;rc2;rct;bin;rgs;gif;jpg;jpeg;jpe</Extensions>
    </Filter>
  </ItemGroup>
  <ItemGroup>
    <ClCompile Include="BaseLogger.cpp">
      <Filter>Source Files</Filter>
    </ClCompile>
    <ClCompile Include="CDomain.cpp">
      <Filter>Source Files</Filter>
    </ClCompile>
    <ClCompile Include="Certificate.cpp">
      <Filter>Source Files</Filter>
    </ClCompile>
    <ClCompile Include="CEthernet.cpp">
      <Filter>Source Files</Filter>
    </ClCompile>
    <ClCompile Include="CLanguage.cpp">
      <Filter>Source Files</Filter>
    </ClCompile>
    <ClCompile Include="CmPCConfig.cpp">
      <Filter>Source Files</Filter>
    </ClCompile>
    <ClCompile Include="CUser.cpp">
      <Filter>Source Files</Filter>
    </ClCompile>
    <ClCompile Include="Ethernet.cpp">
      <Filter>Source Files</Filter>
    </ClCompile>
    <ClCompile Include="EthernetCore.cpp">
      <Filter>Source Files</Filter>
    </ClCompile>
    <ClCompile Include="LyncConfig.cpp">
      <Filter>Source Files</Filter>
    </ClCompile>
    <ClCompile Include="NetConnect.cpp">
      <Filter>Source Files</Filter>
    </ClCompile>
    <ClCompile Include="Network.cpp">
      <Filter>Source Files</Filter>
    </ClCompile>
    <ClCompile Include="Privileges.cpp">
      <Filter>Source Files</Filter>
    </ClCompile>
    <ClCompile Include="Registry.cpp">
      <Filter>Source Files</Filter>
    </ClCompile>
    <ClCompile Include="SecureApi.cpp">
      <Filter>Source Files</Filter>
    </ClCompile>
    <ClCompile Include="StdAfx.cpp">
      <Filter>Source Files</Filter>
    </ClCompile>
    <ClCompile Include="System.cpp">
      <Filter>Source Files</Filter>
    </ClCompile>
    <ClCompile Include="SystemApps.cpp">
      <Filter>Source Files</Filter>
    </ClCompile>
    <ClCompile Include="SystemPatch.cpp">
      <Filter>Source Files</Filter>
    </ClCompile>
    <ClCompile Include="SystemTime.cpp">
      <Filter>Source Files</Filter>
    </ClCompile>
    <ClCompile Include="WMI.cpp">
      <Filter>Source Files</Filter>
    </ClCompile>
    <ClCompile Include="AudioDevice.cpp">
      <Filter>Source Files\Audio</Filter>
    </ClCompile>
    <ClCompile Include="AudioInputDevice.cpp">
      <Filter>Source Files\Audio</Filter>
    </ClCompile>
    <ClCompile Include="AudioOutputDevice.cpp">
      <Filter>Source Files\Audio</Filter>
    </ClCompile>
    <ClCompile Include="DeviceListener.cpp">
      <Filter>Source Files\Audio</Filter>
    </ClCompile>
    <ClCompile Include="Display.cpp">
      <Filter>Source Files\Display</Filter>
    </ClCompile>
    <ClCompile Include="AudioDeviceCfgMgr.cpp">
      <Filter>Source Files\Audio</Filter>
    </ClCompile>
    <ClCompile Include="NetworkAuthentication.cpp">
      <Filter>Source Files</Filter>
    </ClCompile>
    <ClCompile Include="CCS200TempMonitor.cpp">
      <Filter>Source Files</Filter>
    </ClCompile>
    <ClCompile Include="ComponentLogger.cpp">
      <Filter>Source Files</Filter>
    </ClCompile>
    <ClCompile Include="CAudioOutputDevices.cpp">
      <Filter>Source Files\Audio</Filter>
    </ClCompile>
    <ClCompile Include="CAudioInputDevices.cpp">
      <Filter>Source Files\Audio</Filter>
    </ClCompile>
    <ClCompile Include="AudioManager.cpp">
      <Filter>Source Files\Audio</Filter>
    </ClCompile>
    <ClCompile Include="AudioManagerCCS200.cpp">
      <Filter>Source Files\Audio</Filter>
    </ClCompile>
    <ClCompile Include="AudioDeviceCfgMgrCCS200.cpp">
      <Filter>Source Files\Audio</Filter>
    </ClCompile>
    <ClCompile Include="AudioDeviceCfgMgrCCS100.cpp">
      <Filter>Source Files\Audio</Filter>
    </ClCompile>
    <ClCompile Include="AudioManagerCCS100.cpp">
      <Filter>Source Files\Audio</Filter>
    </ClCompile>
    <ClCompile Include="AudioChannelDescriptorManager.cpp">
      <Filter>Source Files\Audio</Filter>
    </ClCompile>
    <ClCompile Include="AudioChannelDescriptorWrapper.cpp">
      <Filter>Source Files\Audio</Filter>
    </ClCompile>
  </ItemGroup>
  <ItemGroup>
    <ResourceCompile Include="CmPCConfig.rc">
      <Filter>Source Files</Filter>
    </ResourceCompile>
  </ItemGroup>
  <ItemGroup>
    <ClInclude Include="BaseLogger.h">
      <Filter>Header Files</Filter>
    </ClInclude>
    <ClInclude Include="CDomain.h">
      <Filter>Header Files</Filter>
    </ClInclude>
    <ClInclude Include="CDomain.hpp">
      <Filter>Header Files</Filter>
    </ClInclude>
    <ClInclude Include="Certificate.h">
      <Filter>Header Files</Filter>
    </ClInclude>
    <ClInclude Include="CEthernet.h">
      <Filter>Header Files</Filter>
    </ClInclude>
    <ClInclude Include="CEthernet.hpp">
      <Filter>Header Files</Filter>
    </ClInclude>
    <ClInclude Include="CExecuteCommand.hpp">
      <Filter>Header Files</Filter>
    </ClInclude>
    <ClInclude Include="CLanguage.h">
      <Filter>Header Files</Filter>
    </ClInclude>
    <ClInclude Include="CLanguage.hpp">
      <Filter>Header Files</Filter>
    </ClInclude>
    <ClInclude Include="CmPCConfig.h">
      <Filter>Header Files</Filter>
    </ClInclude>
    <ClInclude Include="CmPCConfigDLL.h">
      <Filter>Header Files</Filter>
    </ClInclude>
    <ClInclude Include="CommonDefs.h">
      <Filter>Header Files</Filter>
    </ClInclude>
    <ClInclude Include="CUser.h">
      <Filter>Header Files</Filter>
    </ClInclude>
    <ClInclude Include="CUser.hpp">
      <Filter>Header Files</Filter>
    </ClInclude>
    <ClInclude Include="Encrypt.h">
      <Filter>Header Files</Filter>
    </ClInclude>
    <ClInclude Include="Ethernet.h">
      <Filter>Header Files</Filter>
    </ClInclude>
    <ClInclude Include="EthernetCore.h">
      <Filter>Header Files</Filter>
    </ClInclude>
    <ClInclude Include="EthernetDefs.h">
      <Filter>Header Files</Filter>
    </ClInclude>
    <ClInclude Include="LyncConfig.h">
      <Filter>Header Files</Filter>
    </ClInclude>
    <ClInclude Include="NetConnect.h">
      <Filter>Header Files</Filter>
    </ClInclude>
    <ClInclude Include="Network.h">
      <Filter>Header Files</Filter>
    </ClInclude>
    <ClInclude Include="Privileges.h">
      <Filter>Header Files</Filter>
    </ClInclude>
    <ClInclude Include="resource.h">
      <Filter>Header Files</Filter>
    </ClInclude>
    <ClInclude Include="SecureApi.h">
      <Filter>Header Files</Filter>
    </ClInclude>
    <ClInclude Include="SharedDefs.h">
      <Filter>Header Files</Filter>
    </ClInclude>
    <ClInclude Include="StdAfx.h">
      <Filter>Header Files</Filter>
    </ClInclude>
    <ClInclude Include="System.h">
      <Filter>Header Files</Filter>
    </ClInclude>
    <ClInclude Include="SystemApps.h">
      <Filter>Header Files</Filter>
    </ClInclude>
    <ClInclude Include="SystemPatch.h">
      <Filter>Header Files</Filter>
    </ClInclude>
    <ClInclude Include="SystemTime.h">
      <Filter>Header Files</Filter>
    </ClInclude>
    <ClInclude Include="WMI.h">
      <Filter>Header Files</Filter>
    </ClInclude>
    <ClInclude Include="AudioDefs.h">
      <Filter>Header Files\Audio</Filter>
    </ClInclude>
    <ClInclude Include="AudioDevice.h">
      <Filter>Header Files\Audio</Filter>
    </ClInclude>
    <ClInclude Include="AudioInputDevice.h">
      <Filter>Header Files\Audio</Filter>
    </ClInclude>
    <ClInclude Include="DeviceListener.h">
      <Filter>Header Files\Audio</Filter>
    </ClInclude>
    <ClInclude Include="Display.h">
      <Filter>Header Files\Display</Filter>
    </ClInclude>
    <ClInclude Include="AudioErrorDefs.h">
      <Filter>Header Files\Audio</Filter>
    </ClInclude>
    <ClInclude Include="AudioDeviceCfgMgr.h">
      <Filter>Header Files\Audio</Filter>
    </ClInclude>
    <ClInclude Include="NetworkAuthentication.h">
      <Filter>Header Files</Filter>
    </ClInclude>
    <ClInclude Include="CCS200TempMonitor.h">
      <Filter>Header Files</Filter>
    </ClInclude>
    <ClInclude Include="ComponentLogger.h">
      <Filter>Header Files</Filter>
    </ClInclude>
    <ClInclude Include="AudioOutputDevice.h">
      <Filter>Header Files\Audio</Filter>
    </ClInclude>
    <ClInclude Include="AudioManager.h">
      <Filter>Header Files\Audio</Filter>
    </ClInclude>
    <ClInclude Include="AudioManagerCCS200.h">
      <Filter>Header Files\Audio</Filter>
    </ClInclude>
    <ClInclude Include="CAudioInputDevices.h">
      <Filter>Header Files\Audio</Filter>
    </ClInclude>
    <ClInclude Include="CAudioOutputDevices.hpp">
      <Filter>Header Files\Audio</Filter>
    </ClInclude>
    <ClInclude Include="CAudioInputDevices.hpp">
      <Filter>Header Files\Audio</Filter>
    </ClInclude>
    <ClInclude Include="CAudioOutputDevices.h">
      <Filter>Header Files\Audio</Filter>
    </ClInclude>
    <ClInclude Include="AudioManagerCCS100.h">
      <Filter>Header Files\Audio</Filter>
    </ClInclude>
    <ClInclude Include="AudioDeviceCfgMgrCCS200.h">
      <Filter>Header Files\Audio</Filter>
    </ClInclude>
    <ClInclude Include="AudioDeviceCfgMgrCCS100.h">
      <Filter>Header Files\Audio</Filter>
    </ClInclude>
    <ClInclude Include="IAudioManagerDeviceChangeListener.h">
      <Filter>Header Files\Audio</Filter>
    </ClInclude>
    <ClInclude Include="IAudioDeviceChangeListener.h">
      <Filter>Header Files\Audio</Filter>
    </ClInclude>
  </ItemGroup>
  <ItemGroup>
    <None Include="ReadMe.txt" />
    <None Include="version.txt" />
  </ItemGroup>
  <ItemGroup>
    <CustomBuildStep Include="Registry.h">
      <Filter>Header Files</Filter>
    </CustomBuildStep>
  </ItemGroup>
</Project>